
Microsoft Visual Studio Solution File, Format Version 12.00
# Visual Studio Version 16
VisualStudioVersion = 16.0.30803.129
MinimumVisualStudioVersion = 10.0.40219.1
Project("{9A19103F-16F7-4668-BE54-9A1E7A4F7556}") = "ConversorDistancias.Testes", "ConversorDistancias.Testes.csproj", "{C50391CF-EC43-409A-AF0B-451C49F3DC71}"
EndProject
Global
	GlobalSection(SolutionConfigurationPlatforms) = preSolution
		Debug|Any CPU = Debug|Any CPU
		Release|Any CPU = Release|Any CPU
	EndGlobalSection
	GlobalSection(ProjectConfigurationPlatforms) = postSolution
		{C50391CF-EC43-409A-AF0B-451C49F3DC71}.Debug|Any CPU.ActiveCfg = Debug|Any CPU
		{C50391CF-EC43-409A-AF0B-451C49F3DC71}.Debug|Any CPU.Build.0 = Debug|Any CPU
		{C50391CF-EC43-409A-AF0B-451C49F3DC71}.Release|Any CPU.ActiveCfg = Release|Any CPU
		{C50391CF-EC43-409A-AF0B-451C49F3DC71}.Release|Any CPU.Build.0 = Release|Any CPU
	EndGlobalSection
	GlobalSection(SolutionProperties) = preSolution
		HideSolutionNode = FALSE
	EndGlobalSection
	GlobalSection(ExtensibilityGlobals) = postSolution
		SolutionGuid = {E54A4756-A505-42DD-B6AF-8C6A37EA4FBC}
	EndGlobalSection
EndGlobal
